<?xml version="1.0" encoding="utf-8"?>
<Project ToolsVersion="4.0" xmlns="http://schemas.microsoft.com/developer/msbuild/2003">
  <ItemGroup>
    <Filter Include="源文件">
      <UniqueIdentifier>{4FC737F1-C7A5-4376-A066-2A32D752A2FF}</UniqueIdentifier>
      <Extensions>cpp;c;cc;cxx;def;odl;idl;hpj;bat;asm;asmx</Extensions>
    </Filter>
    <Filter Include="头文件">
      <UniqueIdentifier>{93995380-89BD-4b04-88EB-625FBE52EBFB}</UniqueIdentifier>
      <Extensions>h;hh;hpp;hxx;hm;inl;inc;ipp;xsd</Extensions>
    </Filter>
    <Filter Include="资源文件">
      <UniqueIdentifier>{67DA6AB6-F800-4c08-8B7A-83BB121AAD01}</UniqueIdentifier>
      <Extensions>rc;ico;cur;bmp;dlg;rc2;rct;bin;rgs;gif;jpg;jpeg;jpe;resx;tiff;tif;png;wav;mfcribbon-ms</Extensions>
    </Filter>
    <Filter Include="common">
      <UniqueIdentifier>{c3ad3633-4e4a-4867-ac2a-391669cf6fa0}</UniqueIdentifier>
    </Filter>
    <Filter Include="common\win32">
      <UniqueIdentifier>{33d85507-e1b5-45fe-80b4-e3999d30067e}</UniqueIdentifier>
    </Filter>
    <Filter Include="triangle">
      <UniqueIdentifier>{ebfa7532-cf39-447d-9a88-0c7220e38ba2}</UniqueIdentifier>
    </Filter>
    <Filter Include="SDLEGL">
      <UniqueIdentifier>{fa83198c-7baf-49d8-aa57-c09d2ebb1279}</UniqueIdentifier>
    </Filter>
  </ItemGroup>
  <ItemGroup>
    <ClInclude Include="pch.h">
      <Filter>头文件</Filter>
    </ClInclude>
    <ClInclude Include="Common\Include\esUtil.h">
      <Filter>common</Filter>
    </ClInclude>
    <ClInclude Include="Common\Include\esUtil_win.h">
      <Filter>common</Filter>
    </ClInclude>
    <ClInclude Include="angle_inc.h">
      <Filter>common</Filter>
    </ClInclude>
    <ClInclude Include="SDLTriangle\Shader.h">
      <Filter>triangle</Filter>
    </ClInclude>
    <ClInclude Include="SDLEGL\eglSDL.h">
      <Filter>SDLEGL</Filter>
    </ClInclude>
    <ClInclude Include="SDLEGL\initShader.h">
      <Filter>SDLEGL</Filter>
    </ClInclude>
    <ClInclude Include="delog.h">
      <Filter>头文件</Filter>
    </ClInclude>
  </ItemGroup>
  <ItemGroup>
    <ClCompile Include="pch.cpp">
      <Filter>源文件</Filter>
    </ClCompile>
    <ClCompile Include="ConsoleApplication2GLES.cpp">
      <Filter>源文件</Filter>
    </ClCompile>
    <ClCompile Include="testGL3.cpp">
      <Filter>源文件</Filter>
    </ClCompile>
    <ClCompile Include="Common\Source\esShader.cpp">
      <Filter>common</Filter>
    </ClCompile>
    <ClCompile Include="Common\Source\esShapes.cpp">
      <Filter>common</Filter>
    </ClCompile>
    <ClCompile Include="Common\Source\esTransform.cpp">
      <Filter>common</Filter>
    </ClCompile>
    <ClCompile Include="Common\Source\esUtil.cpp">
      <Filter>common</Filter>
    </ClCompile>
    <ClCompile Include="Common\Source\Win32\esUtil_win32.cpp">
      <Filter>common\win32</Filter>
    </ClCompile>
    <ClCompile Include="es3book_Hello_Triangle.cpp">
      <Filter>源文件</Filter>
    </ClCompile>
    <ClCompile Include="SDLTriangle\Hello_Triangle.cpp">
      <Filter>triangle</Filter>
    </ClCompile>
    <ClCompile Include="SDLTriangle\Shader.cpp">
      <Filter>triangle</Filter>
    </ClCompile>
    <ClCompile Include="SDLTriangleMain.cpp">
      <Filter>源文件</Filter>
    </ClCompile>
    <ClCompile Include="SDLEGL\triangle.cpp">
      <Filter>SDLEGL</Filter>
    </ClCompile>
    <ClCompile Include="SDLEGL\eglSDL.cpp">
      <Filter>SDLEGL</Filter>
    </ClCompile>
    <ClCompile Include="SDLEGL\initShader.cpp">
      <Filter>SDLEGL</Filter>
    </ClCompile>
    <ClCompile Include="delog.cpp">
      <Filter>源文件</Filter>
    </ClCompile>
  </ItemGroup>
</Project>