<?xml version="1.0" encoding="utf-8"?>
<Project ToolsVersion="4.0" xmlns="http://schemas.microsoft.com/developer/msbuild/2003">
  <ItemGroup>
    <Filter Include="源文件">
      <UniqueIdentifier>{4FC737F1-C7A5-4376-A066-2A32D752A2FF}</UniqueIdentifier>
      <Extensions>cpp;c;cc;cxx;def;odl;idl;hpj;bat;asm;asmx</Extensions>
    </Filter>
    <Filter Include="头文件">
      <UniqueIdentifier>{93995380-89BD-4b04-88EB-625FBE52EBFB}</UniqueIdentifier>
      <Extensions>h;hh;hpp;hxx;hm;inl;inc;ipp;xsd</Extensions>
    </Filter>
    <Filter Include="资源文件">
      <UniqueIdentifier>{67DA6AB6-F800-4c08-8B7A-83BB121AAD01}</UniqueIdentifier>
      <Extensions>rc;ico;cur;bmp;dlg;rc2;rct;bin;rgs;gif;jpg;jpeg;jpe;resx;tiff;tif;png;wav;mfcribbon-ms</Extensions>
    </Filter>
    <Filter Include="triangle">
      <UniqueIdentifier>{ebfa7532-cf39-447d-9a88-0c7220e38ba2}</UniqueIdentifier>
    </Filter>
    <Filter Include="videoinput">
      <UniqueIdentifier>{7b717717-f4cf-4016-b608-067be654e2c8}</UniqueIdentifier>
    </Filter>
    <Filter Include="helper">
      <UniqueIdentifier>{d919fb38-caeb-4842-b34d-8441b18c20e1}</UniqueIdentifier>
    </Filter>
    <Filter Include="gpuimage">
      <UniqueIdentifier>{fbdddba4-ec86-4515-a67a-f62e2a1560d9}</UniqueIdentifier>
    </Filter>
    <Filter Include="gpuimage\filter">
      <UniqueIdentifier>{220ebf1a-a9b5-4323-912f-5fc411d19e18}</UniqueIdentifier>
    </Filter>
    <Filter Include="gpuimage\target">
      <UniqueIdentifier>{dea48ecf-65ba-471a-bf38-cd6c54b90e81}</UniqueIdentifier>
    </Filter>
    <Filter Include="gpuimage\source">
      <UniqueIdentifier>{68503d6f-ef4e-4680-b29d-6787cbf3d034}</UniqueIdentifier>
    </Filter>
  </ItemGroup>
  <ItemGroup>
    <ClInclude Include="pch.h">
      <Filter>头文件</Filter>
    </ClInclude>
    <ClInclude Include="SDLTriangle\Shader.h">
      <Filter>triangle</Filter>
    </ClInclude>
    <ClInclude Include="delog.h">
      <Filter>头文件</Filter>
    </ClInclude>
    <ClInclude Include="draw_rgb.h">
      <Filter>源文件</Filter>
    </ClInclude>
    <ClInclude Include="Common\Include\esUtil.h">
      <Filter>helper</Filter>
    </ClInclude>
    <ClInclude Include="Common\Include\esUtil_win.h">
      <Filter>helper</Filter>
    </ClInclude>
    <ClInclude Include="gpuimagex\Context.hpp">
      <Filter>gpuimage</Filter>
    </ClInclude>
    <ClInclude Include="gpuimagex\Framebuffer.hpp">
      <Filter>gpuimage</Filter>
    </ClInclude>
    <ClInclude Include="gpuimagex\GPUImage-x.h">
      <Filter>gpuimage</Filter>
    </ClInclude>
    <ClInclude Include="gpuimagex\macros.h">
      <Filter>gpuimage</Filter>
    </ClInclude>
    <ClInclude Include="gpuimagex\math.hpp">
      <Filter>gpuimage</Filter>
    </ClInclude>
    <ClInclude Include="gpuimagex\Ref.hpp">
      <Filter>gpuimage</Filter>
    </ClInclude>
    <ClInclude Include="gpuimagex\util.h">
      <Filter>gpuimage</Filter>
    </ClInclude>
    <ClInclude Include="gpuimagex\target\Target.hpp">
      <Filter>gpuimage\target</Filter>
    </ClInclude>
    <ClInclude Include="gpuimagex\target\TargetView.h">
      <Filter>gpuimage\target</Filter>
    </ClInclude>
    <ClInclude Include="gpuimagex\source\Source.hpp">
      <Filter>gpuimage\source</Filter>
    </ClInclude>
    <ClInclude Include="gpuimagex\source\SourceImage.h">
      <Filter>gpuimage\source</Filter>
    </ClInclude>
    <ClInclude Include="gpuimagex\FramebufferCache.hpp">
      <Filter>gpuimage</Filter>
    </ClInclude>
    <ClInclude Include="gpuimagex\GLProgram.hpp">
      <Filter>gpuimage</Filter>
    </ClInclude>
  </ItemGroup>
  <ItemGroup>
    <ClCompile Include="pch.cpp">
      <Filter>源文件</Filter>
    </ClCompile>
    <ClCompile Include="ConsoleApplication2GLES.cpp">
      <Filter>源文件</Filter>
    </ClCompile>
    <ClCompile Include="SDLTriangle\Hello_Triangle.cpp">
      <Filter>triangle</Filter>
    </ClCompile>
    <ClCompile Include="SDLTriangle\Shader.cpp">
      <Filter>triangle</Filter>
    </ClCompile>
    <ClCompile Include="SDLTriangleMain.cpp">
      <Filter>源文件</Filter>
    </ClCompile>
    <ClCompile Include="delog.cpp">
      <Filter>源文件</Filter>
    </ClCompile>
    <ClCompile Include="LeishenYUV.cpp">
      <Filter>源文件</Filter>
    </ClCompile>
    <ClCompile Include="rgb32render.cpp">
      <Filter>源文件</Filter>
    </ClCompile>
    <ClCompile Include="Common\Source\esShader.cpp">
      <Filter>helper</Filter>
    </ClCompile>
    <ClCompile Include="Common\Source\esShapes.cpp">
      <Filter>helper</Filter>
    </ClCompile>
    <ClCompile Include="Common\Source\esTransform.cpp">
      <Filter>helper</Filter>
    </ClCompile>
    <ClCompile Include="Common\Source\esUtil.cpp">
      <Filter>helper</Filter>
    </ClCompile>
    <ClCompile Include="gpuimagex\Context.cpp">
      <Filter>gpuimage</Filter>
    </ClCompile>
    <ClCompile Include="gpuimagex\Framebuffer.cpp">
      <Filter>gpuimage</Filter>
    </ClCompile>
    <ClCompile Include="gpuimagex\math.cpp">
      <Filter>gpuimage</Filter>
    </ClCompile>
    <ClCompile Include="gpuimagex\Ref.cpp">
      <Filter>gpuimage</Filter>
    </ClCompile>
    <ClCompile Include="gpuimagex\util.cpp">
      <Filter>gpuimage</Filter>
    </ClCompile>
    <ClCompile Include="gpuimagex\target\Target.cpp">
      <Filter>gpuimage\target</Filter>
    </ClCompile>
    <ClCompile Include="gpuimagex\target\TargetView.cpp">
      <Filter>gpuimage\target</Filter>
    </ClCompile>
    <ClCompile Include="gpuimagex\source\Source.cpp">
      <Filter>gpuimage\source</Filter>
    </ClCompile>
    <ClCompile Include="gpuimagex\source\SourceImage.cpp">
      <Filter>gpuimage\source</Filter>
    </ClCompile>
    <ClCompile Include="gpuimagex\FramebufferCache.cpp">
      <Filter>gpuimage</Filter>
    </ClCompile>
    <ClCompile Include="gpuimagex\GLProgram.cpp">
      <Filter>gpuimage</Filter>
    </ClCompile>
  </ItemGroup>
</Project>